
Microsoft Visual Studio Solution File, Format Version 12.00
# Visual Studio 15
VisualStudioVersion = 15.0.28010.2050
MinimumVisualStudioVersion = 10.0.40219.1
Project("{FAE04EC0-301F-11D3-BF4B-00C04F79EFBC}") = "GAIPSimpleAI", "GAIPSimpleAI\GAIPSimpleAI.csproj", "{CAAB3462-1959-441D-9BE3-1514801FD702}"
EndProject
Global
	GlobalSection(SolutionConfigurationPlatforms) = preSolution
		Debug|Any CPU = Debug|Any CPU
		Release|Any CPU = Release|Any CPU
	EndGlobalSection
	GlobalSection(ProjectConfigurationPlatforms) = postSolution
		{CAAB3462-1959-441D-9BE3-1514801FD702}.Debug|Any CPU.ActiveCfg = Debug|Any CPU
		{CAAB3462-1959-441D-9BE3-1514801FD702}.Debug|Any CPU.Build.0 = Debug|Any CPU
		{CAAB3462-1959-441D-9BE3-1514801FD702}.Release|Any CPU.ActiveCfg = Release|Any CPU
		{CAAB3462-1959-441D-9BE3-1514801FD702}.Release|Any CPU.Build.0 = Release|Any CPU
	EndGlobalSection
	GlobalSection(SolutionProperties) = preSolution
		HideSolutionNode = FALSE
	EndGlobalSection
	GlobalSection(ExtensibilityGlobals) = postSolution
		SolutionGuid = {8E5C4C49-F82A-4C4F-A07F-67D0764D7319}
	EndGlobalSection
EndGlobal
